
Microsoft Visual Studio Solution File, Format Version 12.00
# Visual Studio 15
Project("{FAE04EC0-301F-11D3-BF4B-00C04F79EFBC}") = "UnityEngine.TestRunner", "UnityEngine.TestRunner.csproj", "{E8CD97E8-3662-5BBC-81A0-B99B7ED0BC9E}"
EndProject
Project("{FAE04EC0-301F-11D3-BF4B-00C04F79EFBC}") = "Unity.Mathematics", "Unity.Mathematics.csproj", "{5C898E91-565C-FA6D-C11F-5BB94CCB27E8}"
EndProject
Project("{FAE04EC0-301F-11D3-BF4B-00C04F79EFBC}") = "Unity.2D.Animation.Triangle.Runtime", "Unity.2D.Animation.Triangle.Runtime.csproj", "{786A4DF0-67FF-5564-0B06-AE9DBE4930B8}"
EndProject
Project("{FAE04EC0-301F-11D3-BF4B-00C04F79EFBC}") = "Unity.Timeline", "Unity.Timeline.csproj", "{7D19B3A7-B2E4-7579-0707-243CA9C722D9}"
EndProject
Project("{FAE04EC0-301F-11D3-BF4B-00C04F79EFBC}") = "UnityEngine.UI", "UnityEngine.UI.csproj", "{1964EBDE-EDC7-CF7E-929E-177CF9DA6B01}"
EndProject
Project("{FAE04EC0-301F-11D3-BF4B-00C04F79EFBC}") = "Unity.TextMeshPro", "Unity.TextMeshPro.csproj", "{96C5194C-EBDD-0238-24B2-EEA691A8748B}"
EndProject
Project("{FAE04EC0-301F-11D3-BF4B-00C04F79EFBC}") = "Unity.2D.Animation.Runtime", "Unity.2D.Animation.Runtime.csproj", "{D6969CEE-47C7-0619-AF44-02B11633FF63}"
EndProject
Project("{FAE04EC0-301F-11D3-BF4B-00C04F79EFBC}") = "Unity.2D.IK.Runtime", "Unity.2D.IK.Runtime.csproj", "{EC9C73B7-B536-D0CE-DABA-192087AC84AC}"
EndProject
Project("{FAE04EC0-301F-11D3-BF4B-00C04F79EFBC}") = "Unity.2D.SpriteShape.Runtime", "Unity.2D.SpriteShape.Runtime.csproj", "{575062D7-5A46-4061-29E7-11553F10EB24}"
EndProject
Project("{FAE04EC0-301F-11D3-BF4B-00C04F79EFBC}") = "Assembly-CSharp", "Assembly-CSharp.csproj", "{4C2CF60B-80CF-0DE3-4CBE-7D05AE6D05F1}"
EndProject
Project("{FAE04EC0-301F-11D3-BF4B-00C04F79EFBC}") = "Unity.2D.PixelPerfect", "Unity.2D.PixelPerfect.csproj", "{CC742DA3-E1DB-30A1-6400-EBCCD6F259B6}"
EndProject
Project("{FAE04EC0-301F-11D3-BF4B-00C04F79EFBC}") = "Unity.2D.Common.Runtime", "Unity.2D.Common.Runtime.csproj", "{F49ED7BA-F9BD-4558-FC9F-C0B540AF266F}"
EndProject
Project("{FAE04EC0-301F-11D3-BF4B-00C04F79EFBC}") = "Unity.InternalAPIEngineBridge.001", "Unity.InternalAPIEngineBridge.001.csproj", "{66755E9E-4902-AA65-36C1-2134A3A3C85D}"
EndProject
Project("{FAE04EC0-301F-11D3-BF4B-00C04F79EFBC}") = "UnityEditor.TestRunner", "UnityEditor.TestRunner.csproj", "{0BDE7257-9CE1-7C60-59EE-08F40CAAC041}"
EndProject
Project("{FAE04EC0-301F-11D3-BF4B-00C04F79EFBC}") = "UnityEditor.UI", "UnityEditor.UI.csproj", "{A9571250-B0FA-B0D6-FF69-328B9A819748}"
EndProject
Project("{FAE04EC0-301F-11D3-BF4B-00C04F79EFBC}") = "Unity.Timeline.Editor", "Unity.Timeline.Editor.csproj", "{7311AD81-0735-6E76-9543-88CC915A1C26}"
EndProject
Project("{FAE04EC0-301F-11D3-BF4B-00C04F79EFBC}") = "Unity.VisualStudio.Editor", "Unity.VisualStudio.Editor.csproj", "{8A2DF044-5930-BA06-B0CB-59304C9359C3}"
EndProject
Project("{FAE04EC0-301F-11D3-BF4B-00C04F79EFBC}") = "Unity.2D.Psdimporter.Editor", "Unity.2D.Psdimporter.Editor.csproj", "{85C2C1D4-40EF-F266-F653-4BBCC967BC6A}"
EndProject
Project("{FAE04EC0-301F-11D3-BF4B-00C04F79EFBC}") = "Unity.2D.Animation.Editor", "Unity.2D.Animation.Editor.csproj", "{1E4AEBDC-2B5D-92D8-D7D2-E5F61A8D4D09}"
EndProject
Project("{FAE04EC0-301F-11D3-BF4B-00C04F79EFBC}") = "Unity.TextMeshPro.Editor", "Unity.TextMeshPro.Editor.csproj", "{D9FC0490-78E0-F419-3EF7-758D26C6A190}"
EndProject
Project("{FAE04EC0-301F-11D3-BF4B-00C04F79EFBC}") = "Unity.2D.SpriteShape.Editor", "Unity.2D.SpriteShape.Editor.csproj", "{D477491F-F385-1081-3BC4-9611DD4C16F1}"
EndProject
Project("{FAE04EC0-301F-11D3-BF4B-00C04F79EFBC}") = "Unity.CollabProxy.Editor", "Unity.CollabProxy.Editor.csproj", "{53659F18-2A54-70CF-7E27-655B7DBE91CB}"
EndProject
Project("{FAE04EC0-301F-11D3-BF4B-00C04F79EFBC}") = "PsdPlugin", "PsdPlugin.csproj", "{5106117F-4CEB-8F8D-D999-DB36B4CB335E}"
EndProject
Project("{FAE04EC0-301F-11D3-BF4B-00C04F79EFBC}") = "Unity.2D.Path.Editor", "Unity.2D.Path.Editor.csproj", "{30F1B4BB-71C0-C843-791E-D4F757EF6A70}"
EndProject
Project("{FAE04EC0-301F-11D3-BF4B-00C04F79EFBC}") = "Unity.Rider.Editor", "Unity.Rider.Editor.csproj", "{DE4EDD31-C2EA-533D-2F2D-772D9E2377C6}"
EndProject
Project("{FAE04EC0-301F-11D3-BF4B-00C04F79EFBC}") = "Unity.2D.IK.Editor", "Unity.2D.IK.Editor.csproj", "{293CB238-A1D2-927F-953D-FBD60DC400E1}"
EndProject
Project("{FAE04EC0-301F-11D3-BF4B-00C04F79EFBC}") = "Unity.2D.Sprite.Editor", "Unity.2D.Sprite.Editor.csproj", "{28FFD36A-2862-C6E2-1C2E-F1CA45031429}"
EndProject
Project("{FAE04EC0-301F-11D3-BF4B-00C04F79EFBC}") = "Unity.2D.Tilemap.Editor", "Unity.2D.Tilemap.Editor.csproj", "{60CF2B19-13A5-C182-D487-D07977BFCC95}"
EndProject
Project("{FAE04EC0-301F-11D3-BF4B-00C04F79EFBC}") = "Unity.2D.PixelPerfect.Editor", "Unity.2D.PixelPerfect.Editor.csproj", "{51AA5E5A-E8F7-F068-AA88-26A64AAC95D9}"
EndProject
Project("{FAE04EC0-301F-11D3-BF4B-00C04F79EFBC}") = "Unity.VSCode.Editor", "Unity.VSCode.Editor.csproj", "{AF4D53F4-0D81-75F8-3D8F-809B4F192518}"
EndProject
Project("{FAE04EC0-301F-11D3-BF4B-00C04F79EFBC}") = "Unity.2D.Common.Editor", "Unity.2D.Common.Editor.csproj", "{D293B51E-4FB7-941B-C6F5-BD748EB81D95}"
EndProject
Project("{FAE04EC0-301F-11D3-BF4B-00C04F79EFBC}") = "Unity.Mathematics.Editor", "Unity.Mathematics.Editor.csproj", "{54197E59-A834-8CB8-7FCA-15040B8FDF22}"
EndProject
Project("{FAE04EC0-301F-11D3-BF4B-00C04F79EFBC}") = "Unity.InternalAPIEditorBridge.001", "Unity.InternalAPIEditorBridge.001.csproj", "{5D468B9B-1B68-50D4-5F9D-437FACCA6852}"
EndProject
Project("{FAE04EC0-301F-11D3-BF4B-00C04F79EFBC}") = "UnityEngine.TestRunner", "UnityEngine.TestRunner.Player.csproj", "{B44B83B6-DBB0-8C84-1BBF-37797FCBEF2E}"
EndProject
Project("{FAE04EC0-301F-11D3-BF4B-00C04F79EFBC}") = "Unity.Mathematics", "Unity.Mathematics.Player.csproj", "{5CC7C59E-B274-9A30-6ADC-CFDB0EAA8950}"
EndProject
Project("{FAE04EC0-301F-11D3-BF4B-00C04F79EFBC}") = "Unity.2D.Animation.Triangle.Runtime", "Unity.2D.Animation.Triangle.Runtime.Player.csproj", "{3C7969BC-A42F-8EFB-88FA-D5B2AA4B6F53}"
EndProject
Project("{FAE04EC0-301F-11D3-BF4B-00C04F79EFBC}") = "Unity.Timeline", "Unity.Timeline.Player.csproj", "{541FDF43-EE00-CDE3-0F38-17DCEEB2CDA9}"
EndProject
Project("{FAE04EC0-301F-11D3-BF4B-00C04F79EFBC}") = "UnityEngine.UI", "UnityEngine.UI.Player.csproj", "{B42493FC-1D6F-55D1-5275-235CE4A2D896}"
EndProject
Project("{FAE04EC0-301F-11D3-BF4B-00C04F79EFBC}") = "Unity.TextMeshPro", "Unity.TextMeshPro.Player.csproj", "{18AFCF07-9019-1393-8CB4-20F6C9CB563D}"
EndProject
Project("{FAE04EC0-301F-11D3-BF4B-00C04F79EFBC}") = "Unity.2D.Animation.Runtime", "Unity.2D.Animation.Runtime.Player.csproj", "{EB53B012-348A-041F-D9EA-7C5B2D993AFA}"
EndProject
Project("{FAE04EC0-301F-11D3-BF4B-00C04F79EFBC}") = "Unity.2D.IK.Runtime", "Unity.2D.IK.Runtime.Player.csproj", "{06900D7B-AB68-5C1C-C639-94319284B6AA}"
EndProject
Project("{FAE04EC0-301F-11D3-BF4B-00C04F79EFBC}") = "Unity.2D.SpriteShape.Runtime", "Unity.2D.SpriteShape.Runtime.Player.csproj", "{33339F5C-3A90-5E49-3E1A-0E8B52EE7560}"
EndProject
Project("{FAE04EC0-301F-11D3-BF4B-00C04F79EFBC}") = "Assembly-CSharp", "Assembly-CSharp.Player.csproj", "{7CA141C5-3228-51CE-0CAB-059702061242}"
EndProject
Project("{FAE04EC0-301F-11D3-BF4B-00C04F79EFBC}") = "Unity.2D.PixelPerfect", "Unity.2D.PixelPerfect.Player.csproj", "{A6ABE38C-01F8-2234-3BCF-04B3D04D79D8}"
EndProject
Project("{FAE04EC0-301F-11D3-BF4B-00C04F79EFBC}") = "Unity.2D.Common.Runtime", "Unity.2D.Common.Runtime.Player.csproj", "{7E3C1B42-3165-4E9A-E7DA-8F5B4D95076C}"
EndProject
Project("{FAE04EC0-301F-11D3-BF4B-00C04F79EFBC}") = "Unity.InternalAPIEngineBridge.001", "Unity.InternalAPIEngineBridge.001.Player.csproj", "{6F556D68-5943-92EE-4619-B744679E6601}"
EndProject
Global
	GlobalSection(SolutionConfigurationPlatforms) = preSolution
		Debug|Any CPU = Debug|Any CPU
		Release|Any CPU = Release|Any CPU
	EndGlobalSection
	GlobalSection(ProjectConfigurationPlatforms) = postSolution
		{E8CD97E8-3662-5BBC-81A0-B99B7ED0BC9E}.Debug|Any CPU.ActiveCfg = Debug|Any CPU
		{E8CD97E8-3662-5BBC-81A0-B99B7ED0BC9E}.Debug|Any CPU.Build.0 = Debug|Any CPU
		{E8CD97E8-3662-5BBC-81A0-B99B7ED0BC9E}.Release|Any CPU.ActiveCfg = Release|Any CPU
		{E8CD97E8-3662-5BBC-81A0-B99B7ED0BC9E}.Release|Any CPU.Build.0 = Release|Any CPU
		{5C898E91-565C-FA6D-C11F-5BB94CCB27E8}.Debug|Any CPU.ActiveCfg = Debug|Any CPU
		{5C898E91-565C-FA6D-C11F-5BB94CCB27E8}.Debug|Any CPU.Build.0 = Debug|Any CPU
		{5C898E91-565C-FA6D-C11F-5BB94CCB27E8}.Release|Any CPU.ActiveCfg = Release|Any CPU
		{5C898E91-565C-FA6D-C11F-5BB94CCB27E8}.Release|Any CPU.Build.0 = Release|Any CPU
		{786A4DF0-67FF-5564-0B06-AE9DBE4930B8}.Debug|Any CPU.ActiveCfg = Debug|Any CPU
		{786A4DF0-67FF-5564-0B06-AE9DBE4930B8}.Debug|Any CPU.Build.0 = Debug|Any CPU
		{786A4DF0-67FF-5564-0B06-AE9DBE4930B8}.Release|Any CPU.ActiveCfg = Release|Any CPU
		{786A4DF0-67FF-5564-0B06-AE9DBE4930B8}.Release|Any CPU.Build.0 = Release|Any CPU
		{7D19B3A7-B2E4-7579-0707-243CA9C722D9}.Debug|Any CPU.ActiveCfg = Debug|Any CPU
		{7D19B3A7-B2E4-7579-0707-243CA9C722D9}.Debug|Any CPU.Build.0 = Debug|Any CPU
		{7D19B3A7-B2E4-7579-0707-243CA9C722D9}.Release|Any CPU.ActiveCfg = Release|Any CPU
		{7D19B3A7-B2E4-7579-0707-243CA9C722D9}.Release|Any CPU.Build.0 = Release|Any CPU
		{1964EBDE-EDC7-CF7E-929E-177CF9DA6B01}.Debug|Any CPU.ActiveCfg = Debug|Any CPU
		{1964EBDE-EDC7-CF7E-929E-177CF9DA6B01}.Debug|Any CPU.Build.0 = Debug|Any CPU
		{1964EBDE-EDC7-CF7E-929E-177CF9DA6B01}.Release|Any CPU.ActiveCfg = Release|Any CPU
		{1964EBDE-EDC7-CF7E-929E-177CF9DA6B01}.Release|Any CPU.Build.0 = Release|Any CPU
		{96C5194C-EBDD-0238-24B2-EEA691A8748B}.Debug|Any CPU.ActiveCfg = Debug|Any CPU
		{96C5194C-EBDD-0238-24B2-EEA691A8748B}.Debug|Any CPU.Build.0 = Debug|Any CPU
		{96C5194C-EBDD-0238-24B2-EEA691A8748B}.Release|Any CPU.ActiveCfg = Release|Any CPU
		{96C5194C-EBDD-0238-24B2-EEA691A8748B}.Release|Any CPU.Build.0 = Release|Any CPU
		{D6969CEE-47C7-0619-AF44-02B11633FF63}.Debug|Any CPU.ActiveCfg = Debug|Any CPU
		{D6969CEE-47C7-0619-AF44-02B11633FF63}.Debug|Any CPU.Build.0 = Debug|Any CPU
		{D6969CEE-47C7-0619-AF44-02B11633FF63}.Release|Any CPU.ActiveCfg = Release|Any CPU
		{D6969CEE-47C7-0619-AF44-02B11633FF63}.Release|Any CPU.Build.0 = Release|Any CPU
		{EC9C73B7-B536-D0CE-DABA-192087AC84AC}.Debug|Any CPU.ActiveCfg = Debug|Any CPU
		{EC9C73B7-B536-D0CE-DABA-192087AC84AC}.Debug|Any CPU.Build.0 = Debug|Any CPU
		{EC9C73B7-B536-D0CE-DABA-192087AC84AC}.Release|Any CPU.ActiveCfg = Release|Any CPU
		{EC9C73B7-B536-D0CE-DABA-192087AC84AC}.Release|Any CPU.Build.0 = Release|Any CPU
		{575062D7-5A46-4061-29E7-11553F10EB24}.Debug|Any CPU.ActiveCfg = Debug|Any CPU
		{575062D7-5A46-4061-29E7-11553F10EB24}.Debug|Any CPU.Build.0 = Debug|Any CPU
		{575062D7-5A46-4061-29E7-11553F10EB24}.Release|Any CPU.ActiveCfg = Release|Any CPU
		{575062D7-5A46-4061-29E7-11553F10EB24}.Release|Any CPU.Build.0 = Release|Any CPU
		{4C2CF60B-80CF-0DE3-4CBE-7D05AE6D05F1}.Debug|Any CPU.ActiveCfg = Debug|Any CPU
		{4C2CF60B-80CF-0DE3-4CBE-7D05AE6D05F1}.Debug|Any CPU.Build.0 = Debug|Any CPU
		{4C2CF60B-80CF-0DE3-4CBE-7D05AE6D05F1}.Release|Any CPU.ActiveCfg = Release|Any CPU
		{4C2CF60B-80CF-0DE3-4CBE-7D05AE6D05F1}.Release|Any CPU.Build.0 = Release|Any CPU
		{CC742DA3-E1DB-30A1-6400-EBCCD6F259B6}.Debug|Any CPU.ActiveCfg = Debug|Any CPU
		{CC742DA3-E1DB-30A1-6400-EBCCD6F259B6}.Debug|Any CPU.Build.0 = Debug|Any CPU
		{CC742DA3-E1DB-30A1-6400-EBCCD6F259B6}.Release|Any CPU.ActiveCfg = Release|Any CPU
		{CC742DA3-E1DB-30A1-6400-EBCCD6F259B6}.Release|Any CPU.Build.0 = Release|Any CPU
		{F49ED7BA-F9BD-4558-FC9F-C0B540AF266F}.Debug|Any CPU.ActiveCfg = Debug|Any CPU
		{F49ED7BA-F9BD-4558-FC9F-C0B540AF266F}.Debug|Any CPU.Build.0 = Debug|Any CPU
		{F49ED7BA-F9BD-4558-FC9F-C0B540AF266F}.Release|Any CPU.ActiveCfg = Release|Any CPU
		{F49ED7BA-F9BD-4558-FC9F-C0B540AF266F}.Release|Any CPU.Build.0 = Release|Any CPU
		{66755E9E-4902-AA65-36C1-2134A3A3C85D}.Debug|Any CPU.ActiveCfg = Debug|Any CPU
		{66755E9E-4902-AA65-36C1-2134A3A3C85D}.Debug|Any CPU.Build.0 = Debug|Any CPU
		{66755E9E-4902-AA65-36C1-2134A3A3C85D}.Release|Any CPU.ActiveCfg = Release|Any CPU
		{66755E9E-4902-AA65-36C1-2134A3A3C85D}.Release|Any CPU.Build.0 = Release|Any CPU
		{0BDE7257-9CE1-7C60-59EE-08F40CAAC041}.Debug|Any CPU.ActiveCfg = Debug|Any CPU
		{0BDE7257-9CE1-7C60-59EE-08F40CAAC041}.Debug|Any CPU.Build.0 = Debug|Any CPU
		{0BDE7257-9CE1-7C60-59EE-08F40CAAC041}.Release|Any CPU.ActiveCfg = Release|Any CPU
		{0BDE7257-9CE1-7C60-59EE-08F40CAAC041}.Release|Any CPU.Build.0 = Release|Any CPU
		{A9571250-B0FA-B0D6-FF69-328B9A819748}.Debug|Any CPU.ActiveCfg = Debug|Any CPU
		{A9571250-B0FA-B0D6-FF69-328B9A819748}.Debug|Any CPU.Build.0 = Debug|Any CPU
		{A9571250-B0FA-B0D6-FF69-328B9A819748}.Release|Any CPU.ActiveCfg = Release|Any CPU
		{A9571250-B0FA-B0D6-FF69-328B9A819748}.Release|Any CPU.Build.0 = Release|Any CPU
		{7311AD81-0735-6E76-9543-88CC915A1C26}.Debug|Any CPU.ActiveCfg = Debug|Any CPU
		{7311AD81-0735-6E76-9543-88CC915A1C26}.Debug|Any CPU.Build.0 = Debug|Any CPU
		{7311AD81-0735-6E76-9543-88CC915A1C26}.Release|Any CPU.ActiveCfg = Release|Any CPU
		{7311AD81-0735-6E76-9543-88CC915A1C26}.Release|Any CPU.Build.0 = Release|Any CPU
		{8A2DF044-5930-BA06-B0CB-59304C9359C3}.Debug|Any CPU.ActiveCfg = Debug|Any CPU
		{8A2DF044-5930-BA06-B0CB-59304C9359C3}.Debug|Any CPU.Build.0 = Debug|Any CPU
		{8A2DF044-5930-BA06-B0CB-59304C9359C3}.Release|Any CPU.ActiveCfg = Release|Any CPU
		{8A2DF044-5930-BA06-B0CB-59304C9359C3}.Release|Any CPU.Build.0 = Release|Any CPU
		{85C2C1D4-40EF-F266-F653-4BBCC967BC6A}.Debug|Any CPU.ActiveCfg = Debug|Any CPU
		{85C2C1D4-40EF-F266-F653-4BBCC967BC6A}.Debug|Any CPU.Build.0 = Debug|Any CPU
		{85C2C1D4-40EF-F266-F653-4BBCC967BC6A}.Release|Any CPU.ActiveCfg = Release|Any CPU
		{85C2C1D4-40EF-F266-F653-4BBCC967BC6A}.Release|Any CPU.Build.0 = Release|Any CPU
		{1E4AEBDC-2B5D-92D8-D7D2-E5F61A8D4D09}.Debug|Any CPU.ActiveCfg = Debug|Any CPU
		{1E4AEBDC-2B5D-92D8-D7D2-E5F61A8D4D09}.Debug|Any CPU.Build.0 = Debug|Any CPU
		{1E4AEBDC-2B5D-92D8-D7D2-E5F61A8D4D09}.Release|Any CPU.ActiveCfg = Release|Any CPU
		{1E4AEBDC-2B5D-92D8-D7D2-E5F61A8D4D09}.Release|Any CPU.Build.0 = Release|Any CPU
		{D9FC0490-78E0-F419-3EF7-758D26C6A190}.Debug|Any CPU.ActiveCfg = Debug|Any CPU
		{D9FC0490-78E0-F419-3EF7-758D26C6A190}.Debug|Any CPU.Build.0 = Debug|Any CPU
		{D9FC0490-78E0-F419-3EF7-758D26C6A190}.Release|Any CPU.ActiveCfg = Release|Any CPU
		{D9FC0490-78E0-F419-3EF7-758D26C6A190}.Release|Any CPU.Build.0 = Release|Any CPU
		{D477491F-F385-1081-3BC4-9611DD4C16F1}.Debug|Any CPU.ActiveCfg = Debug|Any CPU
		{D477491F-F385-1081-3BC4-9611DD4C16F1}.Debug|Any CPU.Build.0 = Debug|Any CPU
		{D477491F-F385-1081-3BC4-9611DD4C16F1}.Release|Any CPU.ActiveCfg = Release|Any CPU
		{D477491F-F385-1081-3BC4-9611DD4C16F1}.Release|Any CPU.Build.0 = Release|Any CPU
		{53659F18-2A54-70CF-7E27-655B7DBE91CB}.Debug|Any CPU.ActiveCfg = Debug|Any CPU
		{53659F18-2A54-70CF-7E27-655B7DBE91CB}.Debug|Any CPU.Build.0 = Debug|Any CPU
		{53659F18-2A54-70CF-7E27-655B7DBE91CB}.Release|Any CPU.ActiveCfg = Release|Any CPU
		{53659F18-2A54-70CF-7E27-655B7DBE91CB}.Release|Any CPU.Build.0 = Release|Any CPU
		{5106117F-4CEB-8F8D-D999-DB36B4CB335E}.Debug|Any CPU.ActiveCfg = Debug|Any CPU
		{5106117F-4CEB-8F8D-D999-DB36B4CB335E}.Debug|Any CPU.Build.0 = Debug|Any CPU
		{5106117F-4CEB-8F8D-D999-DB36B4CB335E}.Release|Any CPU.ActiveCfg = Release|Any CPU
		{5106117F-4CEB-8F8D-D999-DB36B4CB335E}.Release|Any CPU.Build.0 = Release|Any CPU
		{30F1B4BB-71C0-C843-791E-D4F757EF6A70}.Debug|Any CPU.ActiveCfg = Debug|Any CPU
		{30F1B4BB-71C0-C843-791E-D4F757EF6A70}.Debug|Any CPU.Build.0 = Debug|Any CPU
		{30F1B4BB-71C0-C843-791E-D4F757EF6A70}.Release|Any CPU.ActiveCfg = Release|Any CPU
		{30F1B4BB-71C0-C843-791E-D4F757EF6A70}.Release|Any CPU.Build.0 = Release|Any CPU
		{DE4EDD31-C2EA-533D-2F2D-772D9E2377C6}.Debug|Any CPU.ActiveCfg = Debug|Any CPU
		{DE4EDD31-C2EA-533D-2F2D-772D9E2377C6}.Debug|Any CPU.Build.0 = Debug|Any CPU
		{DE4EDD31-C2EA-533D-2F2D-772D9E2377C6}.Release|Any CPU.ActiveCfg = Release|Any CPU
		{DE4EDD31-C2EA-533D-2F2D-772D9E2377C6}.Release|Any CPU.Build.0 = Release|Any CPU
		{293CB238-A1D2-927F-953D-FBD60DC400E1}.Debug|Any CPU.ActiveCfg = Debug|Any CPU
		{293CB238-A1D2-927F-953D-FBD60DC400E1}.Debug|Any CPU.Build.0 = Debug|Any CPU
		{293CB238-A1D2-927F-953D-FBD60DC400E1}.Release|Any CPU.ActiveCfg = Release|Any CPU
		{293CB238-A1D2-927F-953D-FBD60DC400E1}.Release|Any CPU.Build.0 = Release|Any CPU
		{28FFD36A-2862-C6E2-1C2E-F1CA45031429}.Debug|Any CPU.ActiveCfg = Debug|Any CPU
		{28FFD36A-2862-C6E2-1C2E-F1CA45031429}.Debug|Any CPU.Build.0 = Debug|Any CPU
		{28FFD36A-2862-C6E2-1C2E-F1CA45031429}.Release|Any CPU.ActiveCfg = Release|Any CPU
		{28FFD36A-2862-C6E2-1C2E-F1CA45031429}.Release|Any CPU.Build.0 = Release|Any CPU
		{60CF2B19-13A5-C182-D487-D07977BFCC95}.Debug|Any CPU.ActiveCfg = Debug|Any CPU
		{60CF2B19-13A5-C182-D487-D07977BFCC95}.Debug|Any CPU.Build.0 = Debug|Any CPU
		{60CF2B19-13A5-C182-D487-D07977BFCC95}.Release|Any CPU.ActiveCfg = Release|Any CPU
		{60CF2B19-13A5-C182-D487-D07977BFCC95}.Release|Any CPU.Build.0 = Release|Any CPU
		{51AA5E5A-E8F7-F068-AA88-26A64AAC95D9}.Debug|Any CPU.ActiveCfg = Debug|Any CPU
		{51AA5E5A-E8F7-F068-AA88-26A64AAC95D9}.Debug|Any CPU.Build.0 = Debug|Any CPU
		{51AA5E5A-E8F7-F068-AA88-26A64AAC95D9}.Release|Any CPU.ActiveCfg = Release|Any CPU
		{51AA5E5A-E8F7-F068-AA88-26A64AAC95D9}.Release|Any CPU.Build.0 = Release|Any CPU
		{AF4D53F4-0D81-75F8-3D8F-809B4F192518}.Debug|Any CPU.ActiveCfg = Debug|Any CPU
		{AF4D53F4-0D81-75F8-3D8F-809B4F192518}.Debug|Any CPU.Build.0 = Debug|Any CPU
		{AF4D53F4-0D81-75F8-3D8F-809B4F192518}.Release|Any CPU.ActiveCfg = Release|Any CPU
		{AF4D53F4-0D81-75F8-3D8F-809B4F192518}.Release|Any CPU.Build.0 = Release|Any CPU
		{D293B51E-4FB7-941B-C6F5-BD748EB81D95}.Debug|Any CPU.ActiveCfg = Debug|Any CPU
		{D293B51E-4FB7-941B-C6F5-BD748EB81D95}.Debug|Any CPU.Build.0 = Debug|Any CPU
		{D293B51E-4FB7-941B-C6F5-BD748EB81D95}.Release|Any CPU.ActiveCfg = Release|Any CPU
		{D293B51E-4FB7-941B-C6F5-BD748EB81D95}.Release|Any CPU.Build.0 = Release|Any CPU
		{54197E59-A834-8CB8-7FCA-15040B8FDF22}.Debug|Any CPU.ActiveCfg = Debug|Any CPU
		{54197E59-A834-8CB8-7FCA-15040B8FDF22}.Debug|Any CPU.Build.0 = Debug|Any CPU
		{54197E59-A834-8CB8-7FCA-15040B8FDF22}.Release|Any CPU.ActiveCfg = Release|Any CPU
		{54197E59-A834-8CB8-7FCA-15040B8FDF22}.Release|Any CPU.Build.0 = Release|Any CPU
		{5D468B9B-1B68-50D4-5F9D-437FACCA6852}.Debug|Any CPU.ActiveCfg = Debug|Any CPU
		{5D468B9B-1B68-50D4-5F9D-437FACCA6852}.Debug|Any CPU.Build.0 = Debug|Any CPU
		{5D468B9B-1B68-50D4-5F9D-437FACCA6852}.Release|Any CPU.ActiveCfg = Release|Any CPU
		{5D468B9B-1B68-50D4-5F9D-437FACCA6852}.Release|Any CPU.Build.0 = Release|Any CPU
		{B44B83B6-DBB0-8C84-1BBF-37797FCBEF2E}.Debug|Any CPU.ActiveCfg = Debug|Any CPU
		{B44B83B6-DBB0-8C84-1BBF-37797FCBEF2E}.Debug|Any CPU.Build.0 = Debug|Any CPU
		{B44B83B6-DBB0-8C84-1BBF-37797FCBEF2E}.Release|Any CPU.ActiveCfg = Release|Any CPU
		{B44B83B6-DBB0-8C84-1BBF-37797FCBEF2E}.Release|Any CPU.Build.0 = Release|Any CPU
		{5CC7C59E-B274-9A30-6ADC-CFDB0EAA8950}.Debug|Any CPU.ActiveCfg = Debug|Any CPU
		{5CC7C59E-B274-9A30-6ADC-CFDB0EAA8950}.Debug|Any CPU.Build.0 = Debug|Any CPU
		{5CC7C59E-B274-9A30-6ADC-CFDB0EAA8950}.Release|Any CPU.ActiveCfg = Release|Any CPU
		{5CC7C59E-B274-9A30-6ADC-CFDB0EAA8950}.Release|Any CPU.Build.0 = Release|Any CPU
		{3C7969BC-A42F-8EFB-88FA-D5B2AA4B6F53}.Debug|Any CPU.ActiveCfg = Debug|Any CPU
		{3C7969BC-A42F-8EFB-88FA-D5B2AA4B6F53}.Debug|Any CPU.Build.0 = Debug|Any CPU
		{3C7969BC-A42F-8EFB-88FA-D5B2AA4B6F53}.Release|Any CPU.ActiveCfg = Release|Any CPU
		{3C7969BC-A42F-8EFB-88FA-D5B2AA4B6F53}.Release|Any CPU.Build.0 = Release|Any CPU
		{541FDF43-EE00-CDE3-0F38-17DCEEB2CDA9}.Debug|Any CPU.ActiveCfg = Debug|Any CPU
		{541FDF43-EE00-CDE3-0F38-17DCEEB2CDA9}.Debug|Any CPU.Build.0 = Debug|Any CPU
		{541FDF43-EE00-CDE3-0F38-17DCEEB2CDA9}.Release|Any CPU.ActiveCfg = Release|Any CPU
		{541FDF43-EE00-CDE3-0F38-17DCEEB2CDA9}.Release|Any CPU.Build.0 = Release|Any CPU
		{B42493FC-1D6F-55D1-5275-235CE4A2D896}.Debug|Any CPU.ActiveCfg = Debug|Any CPU
		{B42493FC-1D6F-55D1-5275-235CE4A2D896}.Debug|Any CPU.Build.0 = Debug|Any CPU
		{B42493FC-1D6F-55D1-5275-235CE4A2D896}.Release|Any CPU.ActiveCfg = Release|Any CPU
		{B42493FC-1D6F-55D1-5275-235CE4A2D896}.Release|Any CPU.Build.0 = Release|Any CPU
		{18AFCF07-9019-1393-8CB4-20F6C9CB563D}.Debug|Any CPU.ActiveCfg = Debug|Any CPU
		{18AFCF07-9019-1393-8CB4-20F6C9CB563D}.Debug|Any CPU.Build.0 = Debug|Any CPU
		{18AFCF07-9019-1393-8CB4-20F6C9CB563D}.Release|Any CPU.ActiveCfg = Release|Any CPU
		{18AFCF07-9019-1393-8CB4-20F6C9CB563D}.Release|Any CPU.Build.0 = Release|Any CPU
		{EB53B012-348A-041F-D9EA-7C5B2D993AFA}.Debug|Any CPU.ActiveCfg = Debug|Any CPU
		{EB53B012-348A-041F-D9EA-7C5B2D993AFA}.Debug|Any CPU.Build.0 = Debug|Any CPU
		{EB53B012-348A-041F-D9EA-7C5B2D993AFA}.Release|Any CPU.ActiveCfg = Release|Any CPU
		{EB53B012-348A-041F-D9EA-7C5B2D993AFA}.Release|Any CPU.Build.0 = Release|Any CPU
		{06900D7B-AB68-5C1C-C639-94319284B6AA}.Debug|Any CPU.ActiveCfg = Debug|Any CPU
		{06900D7B-AB68-5C1C-C639-94319284B6AA}.Debug|Any CPU.Build.0 = Debug|Any CPU
		{06900D7B-AB68-5C1C-C639-94319284B6AA}.Release|Any CPU.ActiveCfg = Release|Any CPU
		{06900D7B-AB68-5C1C-C639-94319284B6AA}.Release|Any CPU.Build.0 = Release|Any CPU
		{33339F5C-3A90-5E49-3E1A-0E8B52EE7560}.Debug|Any CPU.ActiveCfg = Debug|Any CPU
		{33339F5C-3A90-5E49-3E1A-0E8B52EE7560}.Debug|Any CPU.Build.0 = Debug|Any CPU
		{33339F5C-3A90-5E49-3E1A-0E8B52EE7560}.Release|Any CPU.ActiveCfg = Release|Any CPU
		{33339F5C-3A90-5E49-3E1A-0E8B52EE7560}.Release|Any CPU.Build.0 = Release|Any CPU
		{7CA141C5-3228-51CE-0CAB-059702061242}.Debug|Any CPU.ActiveCfg = Debug|Any CPU
		{7CA141C5-3228-51CE-0CAB-059702061242}.Debug|Any CPU.Build.0 = Debug|Any CPU
		{7CA141C5-3228-51CE-0CAB-059702061242}.Release|Any CPU.ActiveCfg = Release|Any CPU
		{7CA141C5-3228-51CE-0CAB-059702061242}.Release|Any CPU.Build.0 = Release|Any CPU
		{A6ABE38C-01F8-2234-3BCF-04B3D04D79D8}.Debug|Any CPU.ActiveCfg = Debug|Any CPU
		{A6ABE38C-01F8-2234-3BCF-04B3D04D79D8}.Debug|Any CPU.Build.0 = Debug|Any CPU
		{A6ABE38C-01F8-2234-3BCF-04B3D04D79D8}.Release|Any CPU.ActiveCfg = Release|Any CPU
		{A6ABE38C-01F8-2234-3BCF-04B3D04D79D8}.Release|Any CPU.Build.0 = Release|Any CPU
		{7E3C1B42-3165-4E9A-E7DA-8F5B4D95076C}.Debug|Any CPU.ActiveCfg = Debug|Any CPU
		{7E3C1B42-3165-4E9A-E7DA-8F5B4D95076C}.Debug|Any CPU.Build.0 = Debug|Any CPU
		{7E3C1B42-3165-4E9A-E7DA-8F5B4D95076C}.Release|Any CPU.ActiveCfg = Release|Any CPU
		{7E3C1B42-3165-4E9A-E7DA-8F5B4D95076C}.Release|Any CPU.Build.0 = Release|Any CPU
		{6F556D68-5943-92EE-4619-B744679E6601}.Debug|Any CPU.ActiveCfg = Debug|Any CPU
		{6F556D68-5943-92EE-4619-B744679E6601}.Debug|Any CPU.Build.0 = Debug|Any CPU
		{6F556D68-5943-92EE-4619-B744679E6601}.Release|Any CPU.ActiveCfg = Release|Any CPU
		{6F556D68-5943-92EE-4619-B744679E6601}.Release|Any CPU.Build.0 = Release|Any CPU
	EndGlobalSection
	GlobalSection(SolutionProperties) = preSolution
		HideSolutionNode = FALSE
	EndGlobalSection
EndGlobal
